<?xml version="1.0" encoding="utf-8"?>
<Project ToolsVersion="4.0" xmlns="http://schemas.microsoft.com/developer/msbuild/2003">
  <ItemGroup>
    <Filter Include="Source Files">
      <UniqueIdentifier>{4FC737F1-C7A5-4376-A066-2A32D752A2FF}</UniqueIdentifier>
      <Extensions>cpp;c;cc;cxx;def;odl;idl;hpj;bat;asm;asmx</Extensions>
    </Filter>
    <Filter Include="Header Files">
      <UniqueIdentifier>{93995380-89BD-4b04-88EB-625FBE52EBFB}</UniqueIdentifier>
      <Extensions>h;hh;hpp;hxx;hm;inl;inc;xsd</Extensions>
    </Filter>
    <Filter Include="Resource Files">
      <UniqueIdentifier>{67DA6AB6-F800-4c08-8B7A-83BB121AAD01}</UniqueIdentifier>
      <Extensions>rc;ico;cur;bmp;dlg;rc2;rct;bin;rgs;gif;jpg;jpeg;jpe;resx;tiff;tif;png;wav;mfcribbon-ms</Extensions>
    </Filter>
    <Filter Include="TestWindow">
      <UniqueIdentifier>{84a28fb5-c00a-4990-b250-fc74aa9afeaf}</UniqueIdentifier>
    </Filter>
    <Filter Include="TestWindow\TestImplementations">
      <UniqueIdentifier>{3c0af1ed-9a4c-4108-be5b-5927eaaefc5b}</UniqueIdentifier>
    </Filter>
  </ItemGroup>
  <ItemGroup>
    <ClInclude Include="stdafx.h">
      <Filter>Header Files</Filter>
    </ClInclude>
    <ClInclude Include="targetver.h">
      <Filter>Header Files</Filter>
    </ClInclude>
    <ClInclude Include="TestWindow\TestWindow.h">
      <Filter>TestWindow</Filter>
    </ClInclude>
    <ClInclude Include="TestWindow\TestImplementations\BaseGeometryTest.h">
      <Filter>TestWindow\TestImplementations</Filter>
    </ClInclude>
    <ClInclude Include="TestWindow\TestImplementations\BasicSceneTest.h">
      <Filter>TestWindow\TestImplementations</Filter>
    </ClInclude>
    <ClInclude Include="TestWindow\TestImplementations\PostProcessTest.h">
      <Filter>TestWindow\TestImplementations</Filter>
    </ClInclude>
    <ClInclude Include="TestWindow\TestImplementations\ShadowSceneTest.h">
      <Filter>TestWindow\TestImplementations</Filter>
    </ClInclude>
    <ClInclude Include="TestWindow\TestImplementations\TranslucentShadowingTest.h">
      <Filter>TestWindow\TestImplementations</Filter>
    </ClInclude>
    <ClInclude Include="TestConfiguration\TestConfig.h">
      <Filter>Header Files</Filter>
    </ClInclude>
    <ClInclude Include="TestWindow\TestImplementations\MultiViewportSceneTest.h">
      <Filter>Header Files</Filter>
    </ClInclude>
    <ClInclude Include="TestWindow\TestImplementations\TranslucentShadowsTest.h">
      <Filter>Header Files</Filter>
    </ClInclude>
  </ItemGroup>
  <ItemGroup>
    <ClCompile Include="stdafx.cpp">
      <Filter>Source Files</Filter>
    </ClCompile>
    <ClCompile Include="GeometryEngineTests.cpp">
      <Filter>Source Files</Filter>
    </ClCompile>
    <ClCompile Include="TestWindow\TestWindow.cpp">
      <Filter>TestWindow</Filter>
    </ClCompile>
    <ClCompile Include="TestWindow\TestImplementations\BasicSceneTest.cpp">
      <Filter>TestWindow\TestImplementations</Filter>
    </ClCompile>
    <ClCompile Include="TestWindow\TestImplementations\PostProcessTest.cpp">
      <Filter>TestWindow\TestImplementations</Filter>
    </ClCompile>
    <ClCompile Include="TestWindow\TestImplementations\ShadowSceneTest.cpp">
      <Filter>TestWindow\TestImplementations</Filter>
    </ClCompile>
    <ClCompile Include="TestWindow\TestImplementations\TranslucentShadowingTest.cpp">
      <Filter>TestWindow\TestImplementations</Filter>
    </ClCompile>
    <ClCompile Include="TestWindow\TestImplementations\BaseGeometryTest.cpp">
      <Filter>Source Files</Filter>
    </ClCompile>
    <ClCompile Include="TestConfiguration\TestConfig.cpp">
      <Filter>Source Files</Filter>
    </ClCompile>
    <ClCompile Include="TestWindow\TestImplementations\MultiViewportSceneTest.cpp">
      <Filter>Source Files</Filter>
    </ClCompile>
    <ClCompile Include="TestWindow\TestImplementations\TranslucentShadowsTest.cpp">
      <Filter>Source Files</Filter>
    </ClCompile>
  </ItemGroup>
</Project>